
Microsoft Visual Studio Solution File, Format Version 12.00
# Visual Studio Version 17
VisualStudioVersion = 17.8.34316.72
MinimumVisualStudioVersion = 10.0.40219.1
Project("{FAE04EC0-301F-11D3-BF4B-00C04F79EFBC}") = "COGAAR", "COGAAR\COGAAR.csproj", "{D3C9C0BA-4B2C-4001-BBC5-F137CA238EAC}"
EndProject
Global
	GlobalSection(SolutionConfigurationPlatforms) = preSolution
		Debug|Any CPU = Debug|Any CPU
		Release|Any CPU = Release|Any CPU
	EndGlobalSection
	GlobalSection(ProjectConfigurationPlatforms) = postSolution
		{D3C9C0BA-4B2C-4001-BBC5-F137CA238EAC}.Debug|Any CPU.ActiveCfg = Debug|Any CPU
		{D3C9C0BA-4B2C-4001-BBC5-F137CA238EAC}.Debug|Any CPU.Build.0 = Debug|Any CPU
		{D3C9C0BA-4B2C-4001-BBC5-F137CA238EAC}.Release|Any CPU.ActiveCfg = Release|Any CPU
		{D3C9C0BA-4B2C-4001-BBC5-F137CA238EAC}.Release|Any CPU.Build.0 = Release|Any CPU
	EndGlobalSection
	GlobalSection(SolutionProperties) = preSolution
		HideSolutionNode = FALSE
	EndGlobalSection
	GlobalSection(ExtensibilityGlobals) = postSolution
		SolutionGuid = {F02D4F0E-D08F-4924-9750-422D6CD14F71}
	EndGlobalSection
EndGlobal
